
Microsoft Visual Studio Solution File, Format Version 12.00
# Visual Studio Version 17
VisualStudioVersion = 17.2.32526.322
MinimumVisualStudioVersion = 10.0.40219.1
Project("{FAE04EC0-301F-11D3-BF4B-00C04F79EFBC}") = "SwappingValues", "SwappingValues.csproj", "{9E0E8955-F800-4362-B00C-56B0B5A62941}"
EndProject
Global
	GlobalSection(SolutionConfigurationPlatforms) = preSolution
		Debug|Any CPU = Debug|Any CPU
		Release|Any CPU = Release|Any CPU
	EndGlobalSection
	GlobalSection(ProjectConfigurationPlatforms) = postSolution
		{9E0E8955-F800-4362-B00C-56B0B5A62941}.Debug|Any CPU.ActiveCfg = Debug|Any CPU
		{9E0E8955-F800-4362-B00C-56B0B5A62941}.Debug|Any CPU.Build.0 = Debug|Any CPU
		{9E0E8955-F800-4362-B00C-56B0B5A62941}.Release|Any CPU.ActiveCfg = Release|Any CPU
		{9E0E8955-F800-4362-B00C-56B0B5A62941}.Release|Any CPU.Build.0 = Release|Any CPU
	EndGlobalSection
	GlobalSection(SolutionProperties) = preSolution
		HideSolutionNode = FALSE
	EndGlobalSection
	GlobalSection(ExtensibilityGlobals) = postSolution
		SolutionGuid = {D27D7C27-29DD-4739-B221-88CC9FBE8289}
	EndGlobalSection
EndGlobal
